
Microsoft Visual Studio Solution File, Format Version 12.00
Project("{2150E333-8FDC-42A3-9474-1A3956D46DE8}") = "Server", "Server", "{B953B8BB-25C0-4452-A16F-F05B314600C9}"
EndProject
Project("{FAE04EC0-301F-11D3-BF4B-00C04F79EFBC}") = "Entities", "Server\Entities\Entities.csproj", "{C929D1E1-8785-4919-AD2C-FADE2832A428}"
EndProject
Project("{FAE04EC0-301F-11D3-BF4B-00C04F79EFBC}") = "RepositoryContracts", "Server\RepositoryContracts\RepositoryContracts.csproj", "{E9BC3C03-F0A3-47C4-9390-49DEB664906F}"
EndProject
Project("{FAE04EC0-301F-11D3-BF4B-00C04F79EFBC}") = "InMemoryRepositories", "Server\InMemoryRepositories\InMemoryRepositories.csproj", "{AEE11135-9574-4742-B08A-5E00254F5323}"
EndProject
Project("{FAE04EC0-301F-11D3-BF4B-00C04F79EFBC}") = "CLI", "Server\CLI\CLI.csproj", "{4AB1591C-85D0-4E1F-9DAB-D693F206E036}"
EndProject
Project("{FAE04EC0-301F-11D3-BF4B-00C04F79EFBC}") = "FileRepositories", "Server\FileRepositories\FileRepositories.csproj", "{D578EA70-3823-47D4-8A18-AFE9E261B682}"
EndProject
Project("{2150E333-8FDC-42A3-9474-1A3956D46DE8}") = "Shared", "Shared", "{373B3820-541B-492D-87D4-8A0C7727E74B}"
EndProject
Project("{FAE04EC0-301F-11D3-BF4B-00C04F79EFBC}") = "DTOs", "DTOs\DTOs.csproj", "{E074A54A-706C-4F9A-A51B-67315222200B}"
EndProject
Project("{FAE04EC0-301F-11D3-BF4B-00C04F79EFBC}") = "WebAPI", "WebAPI\WebAPI.csproj", "{1CFF0671-221C-49A4-B347-411657392770}"
EndProject
Project("{FAE04EC0-301F-11D3-BF4B-00C04F79EFBC}") = "EfcRepository", "Server\EfcRepository\EfcRepository.csproj", "{CB512149-9FF9-4C90-9486-263CA631FFD9}"
EndProject
Global
	GlobalSection(SolutionConfigurationPlatforms) = preSolution
		Debug|Any CPU = Debug|Any CPU
		Release|Any CPU = Release|Any CPU
	EndGlobalSection
	GlobalSection(NestedProjects) = preSolution
		{C929D1E1-8785-4919-AD2C-FADE2832A428} = {B953B8BB-25C0-4452-A16F-F05B314600C9}
		{E9BC3C03-F0A3-47C4-9390-49DEB664906F} = {B953B8BB-25C0-4452-A16F-F05B314600C9}
		{AEE11135-9574-4742-B08A-5E00254F5323} = {B953B8BB-25C0-4452-A16F-F05B314600C9}
		{4AB1591C-85D0-4E1F-9DAB-D693F206E036} = {B953B8BB-25C0-4452-A16F-F05B314600C9}
		{D578EA70-3823-47D4-8A18-AFE9E261B682} = {B953B8BB-25C0-4452-A16F-F05B314600C9}
		{E074A54A-706C-4F9A-A51B-67315222200B} = {373B3820-541B-492D-87D4-8A0C7727E74B}
		{CB512149-9FF9-4C90-9486-263CA631FFD9} = {B953B8BB-25C0-4452-A16F-F05B314600C9}
	EndGlobalSection
	GlobalSection(ProjectConfigurationPlatforms) = postSolution
		{C929D1E1-8785-4919-AD2C-FADE2832A428}.Debug|Any CPU.ActiveCfg = Debug|Any CPU
		{C929D1E1-8785-4919-AD2C-FADE2832A428}.Debug|Any CPU.Build.0 = Debug|Any CPU
		{C929D1E1-8785-4919-AD2C-FADE2832A428}.Release|Any CPU.ActiveCfg = Release|Any CPU
		{C929D1E1-8785-4919-AD2C-FADE2832A428}.Release|Any CPU.Build.0 = Release|Any CPU
		{E9BC3C03-F0A3-47C4-9390-49DEB664906F}.Debug|Any CPU.ActiveCfg = Debug|Any CPU
		{E9BC3C03-F0A3-47C4-9390-49DEB664906F}.Debug|Any CPU.Build.0 = Debug|Any CPU
		{E9BC3C03-F0A3-47C4-9390-49DEB664906F}.Release|Any CPU.ActiveCfg = Release|Any CPU
		{E9BC3C03-F0A3-47C4-9390-49DEB664906F}.Release|Any CPU.Build.0 = Release|Any CPU
		{AEE11135-9574-4742-B08A-5E00254F5323}.Debug|Any CPU.ActiveCfg = Debug|Any CPU
		{AEE11135-9574-4742-B08A-5E00254F5323}.Debug|Any CPU.Build.0 = Debug|Any CPU
		{AEE11135-9574-4742-B08A-5E00254F5323}.Release|Any CPU.ActiveCfg = Release|Any CPU
		{AEE11135-9574-4742-B08A-5E00254F5323}.Release|Any CPU.Build.0 = Release|Any CPU
		{4AB1591C-85D0-4E1F-9DAB-D693F206E036}.Debug|Any CPU.ActiveCfg = Debug|Any CPU
		{4AB1591C-85D0-4E1F-9DAB-D693F206E036}.Debug|Any CPU.Build.0 = Debug|Any CPU
		{4AB1591C-85D0-4E1F-9DAB-D693F206E036}.Release|Any CPU.ActiveCfg = Release|Any CPU
		{4AB1591C-85D0-4E1F-9DAB-D693F206E036}.Release|Any CPU.Build.0 = Release|Any CPU
		{D578EA70-3823-47D4-8A18-AFE9E261B682}.Debug|Any CPU.ActiveCfg = Debug|Any CPU
		{D578EA70-3823-47D4-8A18-AFE9E261B682}.Debug|Any CPU.Build.0 = Debug|Any CPU
		{D578EA70-3823-47D4-8A18-AFE9E261B682}.Release|Any CPU.ActiveCfg = Release|Any CPU
		{D578EA70-3823-47D4-8A18-AFE9E261B682}.Release|Any CPU.Build.0 = Release|Any CPU
		{E074A54A-706C-4F9A-A51B-67315222200B}.Debug|Any CPU.ActiveCfg = Debug|Any CPU
		{E074A54A-706C-4F9A-A51B-67315222200B}.Debug|Any CPU.Build.0 = Debug|Any CPU
		{E074A54A-706C-4F9A-A51B-67315222200B}.Release|Any CPU.ActiveCfg = Release|Any CPU
		{E074A54A-706C-4F9A-A51B-67315222200B}.Release|Any CPU.Build.0 = Release|Any CPU
		{1CFF0671-221C-49A4-B347-411657392770}.Debug|Any CPU.ActiveCfg = Debug|Any CPU
		{1CFF0671-221C-49A4-B347-411657392770}.Debug|Any CPU.Build.0 = Debug|Any CPU
		{1CFF0671-221C-49A4-B347-411657392770}.Release|Any CPU.ActiveCfg = Release|Any CPU
		{1CFF0671-221C-49A4-B347-411657392770}.Release|Any CPU.Build.0 = Release|Any CPU
		{CB512149-9FF9-4C90-9486-263CA631FFD9}.Debug|Any CPU.ActiveCfg = Debug|Any CPU
		{CB512149-9FF9-4C90-9486-263CA631FFD9}.Debug|Any CPU.Build.0 = Debug|Any CPU
		{CB512149-9FF9-4C90-9486-263CA631FFD9}.Release|Any CPU.ActiveCfg = Release|Any CPU
		{CB512149-9FF9-4C90-9486-263CA631FFD9}.Release|Any CPU.Build.0 = Release|Any CPU
	EndGlobalSection
EndGlobal
